
Microsoft Visual Studio Solution File, Format Version 12.00
# Visual Studio Version 17
VisualStudioVersion = 17.0.31903.59
MinimumVisualStudioVersion = 10.0.40219.1
Project("{2150E333-8FDC-42A3-9474-1A3956D46DE8}") = "src", "src", "{985F5303-99B1-4557-944F-4DCA0C0ABBC6}"
EndProject
Project("{FAE04EC0-301F-11D3-BF4B-00C04F79EFBC}") = "AudioConverter.Core", "src\AudioConverter.Core\AudioConverter.Core.csproj", "{71248A07-128E-46CE-9C12-36B4E874334C}"
EndProject
Project("{FAE04EC0-301F-11D3-BF4B-00C04F79EFBC}") = "AudioConverter.Infrastructure", "src\AudioConverter.Infrastructure\AudioConverter.Infrastructure.csproj", "{5B088F74-C141-4937-B988-02BB3907E87E}"
EndProject
Project("{FAE04EC0-301F-11D3-BF4B-00C04F79EFBC}") = "AudioConverter.Desktop", "src\AudioConverter.Desktop\AudioConverter.Desktop.csproj", "{A8978F18-9902-42F5-A17E-9EEB5809E8D5}"
EndProject
Project("{2150E333-8FDC-42A3-9474-1A3956D46DE8}") = "tests", "tests", "{3E44C6BD-2E8A-4C37-9E24-E5FC1D274799}"
EndProject
Project("{FAE04EC0-301F-11D3-BF4B-00C04F79EFBC}") = "AudioConverter.Core.Tests", "tests\AudioConverter.Core.Tests\AudioConverter.Core.Tests.csproj", "{867E2725-73B1-4196-ACB2-29B81CC88D78}"
EndProject
Project("{FAE04EC0-301F-11D3-BF4B-00C04F79EFBC}") = "AudioConverter.Infrastructure.Tests", "tests\AudioConverter.Infrastructure.Tests\AudioConverter.Infrastructure.Tests.csproj", "{A5E6DDE3-A319-4255-9091-B58F56F39F09}"
EndProject
Project("{FAE04EC0-301F-11D3-BF4B-00C04F79EFBC}") = "AudioConverter.Cli", "src\AudioConverter.Cli\AudioConverter.Cli.csproj", "{ED320B89-755A-4754-9A5F-93FC39C5AFCA}"
EndProject
Project("{FAE04EC0-301F-11D3-BF4B-00C04F79EFBC}") = "AudioConverter.Desktop.Tests", "tests\AudioConverter.Desktop.Tests\AudioConverter.Desktop.Tests.csproj", "{49F645C8-1D41-4B89-80B8-03934398DFC3}"
EndProject
Global
	GlobalSection(SolutionConfigurationPlatforms) = preSolution
		Debug|Any CPU = Debug|Any CPU
		Release|Any CPU = Release|Any CPU
	EndGlobalSection
	GlobalSection(SolutionProperties) = preSolution
		HideSolutionNode = FALSE
	EndGlobalSection
	GlobalSection(ProjectConfigurationPlatforms) = postSolution
		{71248A07-128E-46CE-9C12-36B4E874334C}.Debug|Any CPU.ActiveCfg = Debug|Any CPU
		{71248A07-128E-46CE-9C12-36B4E874334C}.Debug|Any CPU.Build.0 = Debug|Any CPU
		{71248A07-128E-46CE-9C12-36B4E874334C}.Release|Any CPU.ActiveCfg = Release|Any CPU
		{71248A07-128E-46CE-9C12-36B4E874334C}.Release|Any CPU.Build.0 = Release|Any CPU
		{5B088F74-C141-4937-B988-02BB3907E87E}.Debug|Any CPU.ActiveCfg = Debug|Any CPU
		{5B088F74-C141-4937-B988-02BB3907E87E}.Debug|Any CPU.Build.0 = Debug|Any CPU
		{5B088F74-C141-4937-B988-02BB3907E87E}.Release|Any CPU.ActiveCfg = Release|Any CPU
		{5B088F74-C141-4937-B988-02BB3907E87E}.Release|Any CPU.Build.0 = Release|Any CPU
		{A8978F18-9902-42F5-A17E-9EEB5809E8D5}.Debug|Any CPU.ActiveCfg = Debug|Any CPU
		{A8978F18-9902-42F5-A17E-9EEB5809E8D5}.Debug|Any CPU.Build.0 = Debug|Any CPU
		{A8978F18-9902-42F5-A17E-9EEB5809E8D5}.Release|Any CPU.ActiveCfg = Release|Any CPU
		{A8978F18-9902-42F5-A17E-9EEB5809E8D5}.Release|Any CPU.Build.0 = Release|Any CPU
		{867E2725-73B1-4196-ACB2-29B81CC88D78}.Debug|Any CPU.ActiveCfg = Debug|Any CPU
		{867E2725-73B1-4196-ACB2-29B81CC88D78}.Debug|Any CPU.Build.0 = Debug|Any CPU
		{867E2725-73B1-4196-ACB2-29B81CC88D78}.Release|Any CPU.ActiveCfg = Release|Any CPU
		{867E2725-73B1-4196-ACB2-29B81CC88D78}.Release|Any CPU.Build.0 = Release|Any CPU
		{A5E6DDE3-A319-4255-9091-B58F56F39F09}.Debug|Any CPU.ActiveCfg = Debug|Any CPU
		{A5E6DDE3-A319-4255-9091-B58F56F39F09}.Debug|Any CPU.Build.0 = Debug|Any CPU
		{A5E6DDE3-A319-4255-9091-B58F56F39F09}.Release|Any CPU.ActiveCfg = Release|Any CPU
		{A5E6DDE3-A319-4255-9091-B58F56F39F09}.Release|Any CPU.Build.0 = Release|Any CPU
		{ED320B89-755A-4754-9A5F-93FC39C5AFCA}.Debug|Any CPU.ActiveCfg = Debug|Any CPU
		{ED320B89-755A-4754-9A5F-93FC39C5AFCA}.Debug|Any CPU.Build.0 = Debug|Any CPU
		{ED320B89-755A-4754-9A5F-93FC39C5AFCA}.Release|Any CPU.ActiveCfg = Release|Any CPU
		{ED320B89-755A-4754-9A5F-93FC39C5AFCA}.Release|Any CPU.Build.0 = Release|Any CPU
		{49F645C8-1D41-4B89-80B8-03934398DFC3}.Debug|Any CPU.ActiveCfg = Debug|Any CPU
		{49F645C8-1D41-4B89-80B8-03934398DFC3}.Debug|Any CPU.Build.0 = Debug|Any CPU
		{49F645C8-1D41-4B89-80B8-03934398DFC3}.Release|Any CPU.ActiveCfg = Release|Any CPU
		{49F645C8-1D41-4B89-80B8-03934398DFC3}.Release|Any CPU.Build.0 = Release|Any CPU
	EndGlobalSection
	GlobalSection(NestedProjects) = preSolution
		{71248A07-128E-46CE-9C12-36B4E874334C} = {985F5303-99B1-4557-944F-4DCA0C0ABBC6}
		{5B088F74-C141-4937-B988-02BB3907E87E} = {985F5303-99B1-4557-944F-4DCA0C0ABBC6}
		{A8978F18-9902-42F5-A17E-9EEB5809E8D5} = {985F5303-99B1-4557-944F-4DCA0C0ABBC6}
		{867E2725-73B1-4196-ACB2-29B81CC88D78} = {3E44C6BD-2E8A-4C37-9E24-E5FC1D274799}
		{A5E6DDE3-A319-4255-9091-B58F56F39F09} = {3E44C6BD-2E8A-4C37-9E24-E5FC1D274799}
		{ED320B89-755A-4754-9A5F-93FC39C5AFCA} = {985F5303-99B1-4557-944F-4DCA0C0ABBC6}
		{49F645C8-1D41-4B89-80B8-03934398DFC3} = {3E44C6BD-2E8A-4C37-9E24-E5FC1D274799}
	EndGlobalSection
EndGlobal
